// !$*UTF8*$!
{
	archiveVersion = 1;
	classes = {
	};
	objectVersion = 46;
	objects = {

/* Begin PBXBuildFile section */
		0B0A35C31ADDC2B1008D880C /* Foundation.framework in Frameworks */ = {isa = PBXBuildFile; fileRef = 0B0A35C21ADDC2B1008D880C /* Foundation.framework */; };
		0B3B357C1AE98D1C00403767 /* ButtonViewController.m in Sources */ = {isa = PBXBuildFile; fileRef = 0B3B357B1AE98D1C00403767 /* ButtonViewController.m */; };
		0B4F23FE1ADDB43D0080DCCD /* main.m in Sources */ = {isa = PBXBuildFile; fileRef = 0B4F23FD1ADDB43D0080DCCD /* main.m */; };
		0B4F24011ADDB43D0080DCCD /* AppDelegate.m in Sources */ = {isa = PBXBuildFile; fileRef = 0B4F24001ADDB43D0080DCCD /* AppDelegate.m */; };
		0B4F24041ADDB43D0080DCCD /* FirstViewController.m in Sources */ = {isa = PBXBuildFile; fileRef = 0B4F24031ADDB43D0080DCCD /* FirstViewController.m */; };
		0B4F24071ADDB43D0080DCCD /* SecondViewController.m in Sources */ = {isa = PBXBuildFile; fileRef = 0B4F24061ADDB43D0080DCCD /* SecondViewController.m */; };
		0B4F240A1ADDB43D0080DCCD /* Main.storyboard in Resources */ = {isa = PBXBuildFile; fileRef = 0B4F24081ADDB43D0080DCCD /* Main.storyboard */; };
		0B4F240C1ADDB43D0080DCCD /* Images.xcassets in Resources */ = {isa = PBXBuildFile; fileRef = 0B4F240B1ADDB43D0080DCCD /* Images.xcassets */; };
		0B4F240F1ADDB43D0080DCCD /* LaunchScreen.xib in Resources */ = {isa = PBXBuildFile; fileRef = 0B4F240D1ADDB43D0080DCCD /* LaunchScreen.xib */; };
		0B4F241B1ADDB43D0080DCCD /* BLu_CTRLTests.m in Sources */ = {isa = PBXBuildFile; fileRef = 0B4F241A1ADDB43D0080DCCD /* BLu_CTRLTests.m */; };
		0B4F24251ADDB44B0080DCCD /* CoreMotion.framework in Frameworks */ = {isa = PBXBuildFile; fileRef = 0B4F24241ADDB44B0080DCCD /* CoreMotion.framework */; };
		0B4F24271ADDB4560080DCCD /* CoreBluetooth.framework in Frameworks */ = {isa = PBXBuildFile; fileRef = 0B4F24261ADDB4560080DCCD /* CoreBluetooth.framework */; };
		0B4F24291ADDB45D0080DCCD /* CoreMIDI.framework in Frameworks */ = {isa = PBXBuildFile; fileRef = 0B4F24281ADDB45D0080DCCD /* CoreMIDI.framework */; };
		0B4F242B1ADDB4670080DCCD /* UIKit.framework in Frameworks */ = {isa = PBXBuildFile; fileRef = 0B4F242A1ADDB4670080DCCD /* UIKit.framework */; };
		0B688B161ADDE80D00C3FF95 /* CoreAudioKit.framework in Frameworks */ = {isa = PBXBuildFile; fileRef = 0B688B151ADDE80D00C3FF95 /* CoreAudioKit.framework */; };
		0B75DE161AE149CF000003F2 /* arrowsarrows.png in Resources */ = {isa = PBXBuildFile; fileRef = 0B75DE111AE149CF000003F2 /* arrowsarrows.png */; };
		0B75DE171AE149CF000003F2 /* BLüHead.png in Resources */ = {isa = PBXBuildFile; fileRef = 0B75DE121AE149CF000003F2 /* BLüHead.png */; };
		0B75DE181AE149CF000003F2 /* yawyawyaw.png in Resources */ = {isa = PBXBuildFile; fileRef = 0B75DE131AE149CF000003F2 /* yawyawyaw.png */; };
		0B75DE191AE149CF000003F2 /* BLüNUARL_CTRL_Launch_2.png in Resources */ = {isa = PBXBuildFile; fileRef = 0B75DE141AE149CF000003F2 /* BLüNUARL_CTRL_Launch_2.png */; };
		0B75DE1A1AE149CF000003F2 /* BLüNUARL_CTRL2.png in Resources */ = {isa = PBXBuildFile; fileRef = 0B75DE151AE149CF000003F2 /* BLüNUARL_CTRL2.png */; };
		9D04B4851AE0719D0087DFE7 /* MIDIController.m in Sources */ = {isa = PBXBuildFile; fileRef = 9D04B4841AE0719D0087DFE7 /* MIDIController.m */; };
		9D54FE521AE06DDB00DA516B /* MIKMIDI.framework in Frameworks */ = {isa = PBXBuildFile; fileRef = 9D54FE4F1AE06DCB00DA516B /* MIKMIDI.framework */; };
		9D54FE571AE06F2D00DA516B /* MIKMIDI.framework in Copy Frameworks */ = {isa = PBXBuildFile; fileRef = 9D54FE4F1AE06DCB00DA516B /* MIKMIDI.framework */; settings = {ATTRIBUTES = (CodeSignOnCopy, RemoveHeadersOnCopy, ); }; };
/* End PBXBuildFile section */

/* Begin PBXContainerItemProxy section */
		0B4F24151ADDB43D0080DCCD /* PBXContainerItemProxy */ = {
			isa = PBXContainerItemProxy;
			containerPortal = 0B4F23F01ADDB43D0080DCCD /* Project object */;
			proxyType = 1;
			remoteGlobalIDString = 0B4F23F71ADDB43D0080DCCD;
			remoteInfo = "BLüCTRL";
		};
		9D54FE4C1AE06DCB00DA516B /* PBXContainerItemProxy */ = {
			isa = PBXContainerItemProxy;
			containerPortal = 9D54FE471AE06DCB00DA516B /* MIKMIDI.xcodeproj */;
			proxyType = 2;
			remoteGlobalIDString = 9D74EEA517A7129300BEE89F;
			remoteInfo = MIKMIDI;
		};
		9D54FE4E1AE06DCB00DA516B /* PBXContainerItemProxy */ = {
			isa = PBXContainerItemProxy;
			containerPortal = 9D54FE471AE06DCB00DA516B /* MIKMIDI.xcodeproj */;
			proxyType = 2;
			remoteGlobalIDString = 9DAF8B061A7AFF1100F46528;
			remoteInfo = "MIKMIDI-iOS";
		};
		9D54FE501AE06DD300DA516B /* PBXContainerItemProxy */ = {
			isa = PBXContainerItemProxy;
			containerPortal = 9D54FE471AE06DCB00DA516B /* MIKMIDI.xcodeproj */;
			proxyType = 1;
			remoteGlobalIDString = 9DAF8B051A7AFF1100F46528;
			remoteInfo = "MIKMIDI-iOS";
		};
		9D54FE551AE06F2400DA516B /* PBXContainerItemProxy */ = {
			isa = PBXContainerItemProxy;
			containerPortal = 9D54FE471AE06DCB00DA516B /* MIKMIDI.xcodeproj */;
			proxyType = 2;
			remoteGlobalIDString = 9D4DF13A1AAB57430065F004;
			remoteInfo = "MIKMIDI Tests";
		};
/* End PBXContainerItemProxy section */

/* Begin PBXCopyFilesBuildPhase section */
		9D54FE531AE06F2400DA516B /* Copy Frameworks */ = {
			isa = PBXCopyFilesBuildPhase;
			buildActionMask = 2147483647;
			dstPath = "";
			dstSubfolderSpec = 10;
			files = (
				9D54FE571AE06F2D00DA516B /* MIKMIDI.framework in Copy Frameworks */,
			);
			name = "Copy Frameworks";
			runOnlyForDeploymentPostprocessing = 0;
		};
/* End PBXCopyFilesBuildPhase section */

/* Begin PBXFileReference section */
		0B0A35C21ADDC2B1008D880C /* Foundation.framework */ = {isa = PBXFileReference; lastKnownFileType = wrapper.framework; name = Foundation.framework; path = System/Library/Frameworks/Foundation.framework; sourceTree = SDKROOT; };
		0B3B357A1AE98D1C00403767 /* ButtonViewController.h */ = {isa = PBXFileReference; fileEncoding = 4; lastKnownFileType = sourcecode.c.h; path = ButtonViewController.h; sourceTree = "<group>"; };
		0B3B357B1AE98D1C00403767 /* ButtonViewController.m */ = {isa = PBXFileReference; fileEncoding = 4; lastKnownFileType = sourcecode.c.objc; path = ButtonViewController.m; sourceTree = "<group>"; };
		0B4F23F81ADDB43D0080DCCD /* BLüCTRL.app */ = {isa = PBXFileReference; explicitFileType = wrapper.application; includeInIndex = 0; path = "BLüCTRL.app"; sourceTree = BUILT_PRODUCTS_DIR; };
		0B4F23FC1ADDB43D0080DCCD /* Info.plist */ = {isa = PBXFileReference; lastKnownFileType = text.plist.xml; path = Info.plist; sourceTree = "<group>"; };
		0B4F23FD1ADDB43D0080DCCD /* main.m */ = {isa = PBXFileReference; lastKnownFileType = sourcecode.c.objc; path = main.m; sourceTree = "<group>"; };
		0B4F23FF1ADDB43D0080DCCD /* AppDelegate.h */ = {isa = PBXFileReference; lastKnownFileType = sourcecode.c.h; path = AppDelegate.h; sourceTree = "<group>"; };
		0B4F24001ADDB43D0080DCCD /* AppDelegate.m */ = {isa = PBXFileReference; lastKnownFileType = sourcecode.c.objc; path = AppDelegate.m; sourceTree = "<group>"; };
		0B4F24021ADDB43D0080DCCD /* FirstViewController.h */ = {isa = PBXFileReference; lastKnownFileType = sourcecode.c.h; path = FirstViewController.h; sourceTree = "<group>"; };
		0B4F24031ADDB43D0080DCCD /* FirstViewController.m */ = {isa = PBXFileReference; lastKnownFileType = sourcecode.c.objc; path = FirstViewController.m; sourceTree = "<group>"; };
		0B4F24051ADDB43D0080DCCD /* SecondViewController.h */ = {isa = PBXFileReference; lastKnownFileType = sourcecode.c.h; path = SecondViewController.h; sourceTree = "<group>"; };
		0B4F24061ADDB43D0080DCCD /* SecondViewController.m */ = {isa = PBXFileReference; lastKnownFileType = sourcecode.c.objc; path = SecondViewController.m; sourceTree = "<group>"; };
		0B4F24091ADDB43D0080DCCD /* Base */ = {isa = PBXFileReference; lastKnownFileType = file.storyboard; name = Base; path = Base.lproj/Main.storyboard; sourceTree = "<group>"; };
		0B4F240B1ADDB43D0080DCCD /* Images.xcassets */ = {isa = PBXFileReference; lastKnownFileType = folder.assetcatalog; path = Images.xcassets; sourceTree = "<group>"; };
		0B4F240E1ADDB43D0080DCCD /* Base */ = {isa = PBXFileReference; lastKnownFileType = file.xib; name = Base; path = Base.lproj/LaunchScreen.xib; sourceTree = "<group>"; };
		0B4F24141ADDB43D0080DCCD /* BLüCTRLTests.xctest */ = {isa = PBXFileReference; explicitFileType = wrapper.cfbundle; includeInIndex = 0; path = "BLüCTRLTests.xctest"; sourceTree = BUILT_PRODUCTS_DIR; };
		0B4F24191ADDB43D0080DCCD /* Info.plist */ = {isa = PBXFileReference; lastKnownFileType = text.plist.xml; path = Info.plist; sourceTree = "<group>"; };
		0B4F241A1ADDB43D0080DCCD /* BLu_CTRLTests.m */ = {isa = PBXFileReference; lastKnownFileType = sourcecode.c.objc; path = BLu_CTRLTests.m; sourceTree = "<group>"; };
		0B4F24241ADDB44B0080DCCD /* CoreMotion.framework */ = {isa = PBXFileReference; lastKnownFileType = wrapper.framework; name = CoreMotion.framework; path = System/Library/Frameworks/CoreMotion.framework; sourceTree = SDKROOT; };
		0B4F24261ADDB4560080DCCD /* CoreBluetooth.framework */ = {isa = PBXFileReference; lastKnownFileType = wrapper.framework; name = CoreBluetooth.framework; path = System/Library/Frameworks/CoreBluetooth.framework; sourceTree = SDKROOT; };
		0B4F24281ADDB45D0080DCCD /* CoreMIDI.framework */ = {isa = PBXFileReference; lastKnownFileType = wrapper.framework; name = CoreMIDI.framework; path = System/Library/Frameworks/CoreMIDI.framework; sourceTree = SDKROOT; };
		0B4F242A1ADDB4670080DCCD /* UIKit.framework */ = {isa = PBXFileReference; lastKnownFileType = wrapper.framework; name = UIKit.framework; path = System/Library/Frameworks/UIKit.framework; sourceTree = SDKROOT; };
		0B4F39B51AE0557100450AC5 /* BLüCTRL-Bridging-Header.h */ = {isa = PBXFileReference; lastKnownFileType = sourcecode.c.h; path = "BLüCTRL-Bridging-Header.h"; sourceTree = "<group>"; };
		0B4F39BF1AE0570B00450AC5 /* BLüCTRLTests-Bridging-Header.h */ = {isa = PBXFileReference; lastKnownFileType = sourcecode.c.h; path = "BLüCTRLTests-Bridging-Header.h"; sourceTree = "<group>"; };
		0B688B151ADDE80D00C3FF95 /* CoreAudioKit.framework */ = {isa = PBXFileReference; lastKnownFileType = wrapper.framework; name = CoreAudioKit.framework; path = System/Library/Frameworks/CoreAudioKit.framework; sourceTree = SDKROOT; };
		0B75DE111AE149CF000003F2 /* arrowsarrows.png */ = {isa = PBXFileReference; lastKnownFileType = image.png; path = arrowsarrows.png; sourceTree = "<group>"; };
		0B75DE121AE149CF000003F2 /* BLüHead.png */ = {isa = PBXFileReference; lastKnownFileType = image.png; path = "BLüHead.png"; sourceTree = "<group>"; };
		0B75DE131AE149CF000003F2 /* yawyawyaw.png */ = {isa = PBXFileReference; lastKnownFileType = image.png; path = yawyawyaw.png; sourceTree = "<group>"; };
		0B75DE141AE149CF000003F2 /* BLüNUARL_CTRL_Launch_2.png */ = {isa = PBXFileReference; lastKnownFileType = image.png; path = "BLüNUARL_CTRL_Launch_2.png"; sourceTree = "<group>"; };
		0B75DE151AE149CF000003F2 /* BLüNUARL_CTRL2.png */ = {isa = PBXFileReference; lastKnownFileType = image.png; path = "BLüNUARL_CTRL2.png"; sourceTree = "<group>"; };
		0BED63D01AE962F40044A94B /* BLüCTRL-Bridging-Header.h */ = {isa = PBXFileReference; fileEncoding = 4; lastKnownFileType = sourcecode.c.h; path = "BLüCTRL-Bridging-Header.h"; sourceTree = "<group>"; };
		9D04B4831AE0719D0087DFE7 /* MIDIController.h */ = {isa = PBXFileReference; fileEncoding = 4; lastKnownFileType = sourcecode.c.h; path = MIDIController.h; sourceTree = "<group>"; };
		9D04B4841AE0719D0087DFE7 /* MIDIController.m */ = {isa = PBXFileReference; fileEncoding = 4; lastKnownFileType = sourcecode.c.objc; path = MIDIController.m; sourceTree = "<group>"; };
		9D54FE471AE06DCB00DA516B /* MIKMIDI.xcodeproj */ = {isa = PBXFileReference; lastKnownFileType = "wrapper.pb-project"; name = MIKMIDI.xcodeproj; path = MIKMIDI/Framework/MIKMIDI.xcodeproj; sourceTree = "<group>"; };
/* End PBXFileReference section */

/* Begin PBXFrameworksBuildPhase section */
		0B4F23F51ADDB43D0080DCCD /* Frameworks */ = {
			isa = PBXFrameworksBuildPhase;
			buildActionMask = 2147483647;
			files = (
				9D54FE521AE06DDB00DA516B /* MIKMIDI.framework in Frameworks */,
				0B688B161ADDE80D00C3FF95 /* CoreAudioKit.framework in Frameworks */,
				0B0A35C31ADDC2B1008D880C /* Foundation.framework in Frameworks */,
				0B4F242B1ADDB4670080DCCD /* UIKit.framework in Frameworks */,
				0B4F24291ADDB45D0080DCCD /* CoreMIDI.framework in Frameworks */,
				0B4F24271ADDB4560080DCCD /* CoreBluetooth.framework in Frameworks */,
				0B4F24251ADDB44B0080DCCD /* CoreMotion.framework in Frameworks */,
			);
			runOnlyForDeploymentPostprocessing = 0;
		};
		0B4F24111ADDB43D0080DCCD /* Frameworks */ = {
			isa = PBXFrameworksBuildPhase;
			buildActionMask = 2147483647;
			files = (
			);
			runOnlyForDeploymentPostprocessing = 0;
		};
/* End PBXFrameworksBuildPhase section */

/* Begin PBXGroup section */
		0B4F23EF1ADDB43D0080DCCD = {
			isa = PBXGroup;
			children = (
				0BED63D01AE962F40044A94B /* BLüCTRL-Bridging-Header.h */,
				0B688B151ADDE80D00C3FF95 /* CoreAudioKit.framework */,
				0B0A35C21ADDC2B1008D880C /* Foundation.framework */,
				0B4F242A1ADDB4670080DCCD /* UIKit.framework */,
				0B4F24281ADDB45D0080DCCD /* CoreMIDI.framework */,
				0B4F24261ADDB4560080DCCD /* CoreBluetooth.framework */,
				0B4F24241ADDB44B0080DCCD /* CoreMotion.framework */,
				0B4F23FA1ADDB43D0080DCCD /* BLüCTRL */,
				0B4F24171ADDB43D0080DCCD /* BLüCTRLTests */,
				0B4F23F91ADDB43D0080DCCD /* Products */,
				0B4F39B51AE0557100450AC5 /* BLüCTRL-Bridging-Header.h */,
				9D54FE471AE06DCB00DA516B /* MIKMIDI.xcodeproj */,
			);
			sourceTree = "<group>";
		};
		0B4F23F91ADDB43D0080DCCD /* Products */ = {
			isa = PBXGroup;
			children = (
				0B4F23F81ADDB43D0080DCCD /* BLüCTRL.app */,
				0B4F24141ADDB43D0080DCCD /* BLüCTRLTests.xctest */,
			);
			name = Products;
			sourceTree = "<group>";
		};
		0B4F23FA1ADDB43D0080DCCD /* BLüCTRL */ = {
			isa = PBXGroup;
			children = (
				0B4F23FF1ADDB43D0080DCCD /* AppDelegate.h */,
				0B4F24001ADDB43D0080DCCD /* AppDelegate.m */,
				0B4F24021ADDB43D0080DCCD /* FirstViewController.h */,
				0B4F24031ADDB43D0080DCCD /* FirstViewController.m */,
				0B3B357A1AE98D1C00403767 /* ButtonViewController.h */,
				0B3B357B1AE98D1C00403767 /* ButtonViewController.m */,
				0B4F24051ADDB43D0080DCCD /* SecondViewController.h */,
				0B4F24061ADDB43D0080DCCD /* SecondViewController.m */,
				9D04B4831AE0719D0087DFE7 /* MIDIController.h */,
				9D04B4841AE0719D0087DFE7 /* MIDIController.m */,
				0B4F24081ADDB43D0080DCCD /* Main.storyboard */,
				0B4F240B1ADDB43D0080DCCD /* Images.xcassets */,
				0B4F240D1ADDB43D0080DCCD /* LaunchScreen.xib */,
				0B4F23FB1ADDB43D0080DCCD /* Supporting Files */,
			);
			path = "BLüCTRL";
			sourceTree = "<group>";
		};
		0B4F23FB1ADDB43D0080DCCD /* Supporting Files */ = {
			isa = PBXGroup;
			children = (
				0B75DE111AE149CF000003F2 /* arrowsarrows.png */,
				0B75DE121AE149CF000003F2 /* BLüHead.png */,
				0B75DE131AE149CF000003F2 /* yawyawyaw.png */,
				0B75DE141AE149CF000003F2 /* BLüNUARL_CTRL_Launch_2.png */,
				0B75DE151AE149CF000003F2 /* BLüNUARL_CTRL2.png */,
				0B4F23FC1ADDB43D0080DCCD /* Info.plist */,
				0B4F23FD1ADDB43D0080DCCD /* main.m */,
			);
			name = "Supporting Files";
			sourceTree = "<group>";
		};
		0B4F24171ADDB43D0080DCCD /* BLüCTRLTests */ = {
			isa = PBXGroup;
			children = (
				0B4F241A1ADDB43D0080DCCD /* BLu_CTRLTests.m */,
				0B4F24181ADDB43D0080DCCD /* Supporting Files */,
				0B4F39BF1AE0570B00450AC5 /* BLüCTRLTests-Bridging-Header.h */,
			);
			path = "BLüCTRLTests";
			sourceTree = "<group>";
		};
		0B4F24181ADDB43D0080DCCD /* Supporting Files */ = {
			isa = PBXGroup;
			children = (
				0B4F24191ADDB43D0080DCCD /* Info.plist */,
			);
			name = "Supporting Files";
			sourceTree = "<group>";
		};
		9D54FE481AE06DCB00DA516B /* Products */ = {
			isa = PBXGroup;
			children = (
				9D54FE4D1AE06DCB00DA516B /* MIKMIDI.framework */,
				9D54FE4F1AE06DCB00DA516B /* MIKMIDI.framework */,
				9D54FE561AE06F2400DA516B /* MIKMIDI Tests.xctest */,
			);
			name = Products;
			sourceTree = "<group>";
		};
/* End PBXGroup section */

/* Begin PBXNativeTarget section */
		0B4F23F71ADDB43D0080DCCD /* BLüCTRL */ = {
			isa = PBXNativeTarget;
			buildConfigurationList = 0B4F241E1ADDB43D0080DCCD /* Build configuration list for PBXNativeTarget "BLüCTRL" */;
			buildPhases = (
				0B4F23F41ADDB43D0080DCCD /* Sources */,
				0B4F23F51ADDB43D0080DCCD /* Frameworks */,
				0B4F23F61ADDB43D0080DCCD /* Resources */,
				9D54FE531AE06F2400DA516B /* Copy Frameworks */,
			);
			buildRules = (
			);
			dependencies = (
				9D54FE511AE06DD300DA516B /* PBXTargetDependency */,
			);
			name = "BLüCTRL";
			productName = "BLüCTRL";
			productReference = 0B4F23F81ADDB43D0080DCCD /* BLüCTRL.app */;
			productType = "com.apple.product-type.application";
		};
		0B4F24131ADDB43D0080DCCD /* BLüCTRLTests */ = {
			isa = PBXNativeTarget;
			buildConfigurationList = 0B4F24211ADDB43D0080DCCD /* Build configuration list for PBXNativeTarget "BLüCTRLTests" */;
			buildPhases = (
				0B4F24101ADDB43D0080DCCD /* Sources */,
				0B4F24111ADDB43D0080DCCD /* Frameworks */,
				0B4F24121ADDB43D0080DCCD /* Resources */,
			);
			buildRules = (
			);
			dependencies = (
				0B4F24161ADDB43D0080DCCD /* PBXTargetDependency */,
			);
			name = "BLüCTRLTests";
			productName = "BLüCTRLTests";
			productReference = 0B4F24141ADDB43D0080DCCD /* BLüCTRLTests.xctest */;
			productType = "com.apple.product-type.bundle.unit-test";
		};
/* End PBXNativeTarget section */

/* Begin PBXProject section */
		0B4F23F01ADDB43D0080DCCD /* Project object */ = {
			isa = PBXProject;
			attributes = {
				LastUpgradeCheck = 0620;
				ORGANIZATIONNAME = "KInetec Media";
				TargetAttributes = {
					0B4F23F71ADDB43D0080DCCD = {
						CreatedOnToolsVersion = 6.2;
					};
					0B4F24131ADDB43D0080DCCD = {
						CreatedOnToolsVersion = 6.2;
						TestTargetID = 0B4F23F71ADDB43D0080DCCD;
					};
				};
			};
			buildConfigurationList = 0B4F23F31ADDB43D0080DCCD /* Build configuration list for PBXProject "BLüCTRL" */;
			compatibilityVersion = "Xcode 3.2";
			developmentRegion = English;
			hasScannedForEncodings = 0;
			knownRegions = (
				en,
				Base,
			);
			mainGroup = 0B4F23EF1ADDB43D0080DCCD;
			productRefGroup = 0B4F23F91ADDB43D0080DCCD /* Products */;
			projectDirPath = "";
			projectReferences = (
				{
					ProductGroup = 9D54FE481AE06DCB00DA516B /* Products */;
					ProjectRef = 9D54FE471AE06DCB00DA516B /* MIKMIDI.xcodeproj */;
				},
			);
			projectRoot = "";
			targets = (
				0B4F23F71ADDB43D0080DCCD /* BLüCTRL */,
				0B4F24131ADDB43D0080DCCD /* BLüCTRLTests */,
			);
		};
/* End PBXProject section */

/* Begin PBXReferenceProxy section */
		9D54FE4D1AE06DCB00DA516B /* MIKMIDI.framework */ = {
			isa = PBXReferenceProxy;
			fileType = wrapper.framework;
			path = MIKMIDI.framework;
			remoteRef = 9D54FE4C1AE06DCB00DA516B /* PBXContainerItemProxy */;
			sourceTree = BUILT_PRODUCTS_DIR;
		};
		9D54FE4F1AE06DCB00DA516B /* MIKMIDI.framework */ = {
			isa = PBXReferenceProxy;
			fileType = wrapper.framework;
			path = MIKMIDI.framework;
			remoteRef = 9D54FE4E1AE06DCB00DA516B /* PBXContainerItemProxy */;
			sourceTree = BUILT_PRODUCTS_DIR;
		};
		9D54FE561AE06F2400DA516B /* MIKMIDI Tests.xctest */ = {
			isa = PBXReferenceProxy;
			fileType = wrapper.cfbundle;
			path = "MIKMIDI Tests.xctest";
			remoteRef = 9D54FE551AE06F2400DA516B /* PBXContainerItemProxy */;
			sourceTree = BUILT_PRODUCTS_DIR;
		};
/* End PBXReferenceProxy section */

/* Begin PBXResourcesBuildPhase section */
		0B4F23F61ADDB43D0080DCCD /* Resources */ = {
			isa = PBXResourcesBuildPhase;
			buildActionMask = 2147483647;
			files = (
				0B75DE171AE149CF000003F2 /* BLüHead.png in Resources */,
				0B75DE1A1AE149CF000003F2 /* BLüNUARL_CTRL2.png in Resources */,
				0B75DE181AE149CF000003F2 /* yawyawyaw.png in Resources */,
				0B75DE191AE149CF000003F2 /* BLüNUARL_CTRL_Launch_2.png in Resources */,
				0B4F240A1ADDB43D0080DCCD /* Main.storyboard in Resources */,
				0B4F240F1ADDB43D0080DCCD /* LaunchScreen.xib in Resources */,
				0B4F240C1ADDB43D0080DCCD /* Images.xcassets in Resources */,
				0B75DE161AE149CF000003F2 /* arrowsarrows.png in Resources */,
			);
			runOnlyForDeploymentPostprocessing = 0;
		};
		0B4F24121ADDB43D0080DCCD /* Resources */ = {
			isa = PBXResourcesBuildPhase;
			buildActionMask = 2147483647;
			files = (
			);
			runOnlyForDeploymentPostprocessing = 0;
		};
/* End PBXResourcesBuildPhase section */

/* Begin PBXSourcesBuildPhase section */
		0B4F23F41ADDB43D0080DCCD /* Sources */ = {
			isa = PBXSourcesBuildPhase;
			buildActionMask = 2147483647;
			files = (
				0B4F24071ADDB43D0080DCCD /* SecondViewController.m in Sources */,
				0B4F24011ADDB43D0080DCCD /* AppDelegate.m in Sources */,
				9D04B4851AE0719D0087DFE7 /* MIDIController.m in Sources */,
				0B4F24041ADDB43D0080DCCD /* FirstViewController.m in Sources */,
				0B3B357C1AE98D1C00403767 /* ButtonViewController.m in Sources */,
				0B4F23FE1ADDB43D0080DCCD /* main.m in Sources */,
			);
			runOnlyForDeploymentPostprocessing = 0;
		};
		0B4F24101ADDB43D0080DCCD /* Sources */ = {
			isa = PBXSourcesBuildPhase;
			buildActionMask = 2147483647;
			files = (
				0B4F241B1ADDB43D0080DCCD /* BLu_CTRLTests.m in Sources */,
			);
			runOnlyForDeploymentPostprocessing = 0;
		};
/* End PBXSourcesBuildPhase section */

/* Begin PBXTargetDependency section */
		0B4F24161ADDB43D0080DCCD /* PBXTargetDependency */ = {
			isa = PBXTargetDependency;
			target = 0B4F23F71ADDB43D0080DCCD /* BLüCTRL */;
			targetProxy = 0B4F24151ADDB43D0080DCCD /* PBXContainerItemProxy */;
		};
		9D54FE511AE06DD300DA516B /* PBXTargetDependency */ = {
			isa = PBXTargetDependency;
			name = "MIKMIDI-iOS";
			targetProxy = 9D54FE501AE06DD300DA516B /* PBXContainerItemProxy */;
		};
/* End PBXTargetDependency section */

/* Begin PBXVariantGroup section */
		0B4F24081ADDB43D0080DCCD /* Main.storyboard */ = {
			isa = PBXVariantGroup;
			children = (
				0B4F24091ADDB43D0080DCCD /* Base */,
			);
			name = Main.storyboard;
			sourceTree = "<group>";
		};
		0B4F240D1ADDB43D0080DCCD /* LaunchScreen.xib */ = {
			isa = PBXVariantGroup;
			children = (
				0B4F240E1ADDB43D0080DCCD /* Base */,
			);
			name = LaunchScreen.xib;
			sourceTree = "<group>";
		};
/* End PBXVariantGroup section */

/* Begin XCBuildConfiguration section */
		0B4F241C1ADDB43D0080DCCD /* Debug */ = {
			isa = XCBuildConfiguration;
			buildSettings = {
				ALWAYS_SEARCH_USER_PATHS = NO;
				CLANG_CXX_LANGUAGE_STANDARD = "gnu++0x";
				CLANG_CXX_LIBRARY = "libc++";
				CLANG_ENABLE_MODULES = YES;
				CLANG_ENABLE_OBJC_ARC = YES;
				CLANG_WARN_BOOL_CONVERSION = YES;
				CLANG_WARN_CONSTANT_CONVERSION = YES;
				CLANG_WARN_DIRECT_OBJC_ISA_USAGE = YES_ERROR;
				CLANG_WARN_EMPTY_BODY = YES;
				CLANG_WARN_ENUM_CONVERSION = YES;
				CLANG_WARN_INT_CONVERSION = YES;
				CLANG_WARN_OBJC_ROOT_CLASS = YES_ERROR;
				CLANG_WARN_UNREACHABLE_CODE = YES;
				CLANG_WARN__DUPLICATE_METHOD_MATCH = YES;
				"CODE_SIGN_IDENTITY[sdk=iphoneos*]" = "iPhone Developer";
				COPY_PHASE_STRIP = NO;
				ENABLE_STRICT_OBJC_MSGSEND = YES;
				GCC_C_LANGUAGE_STANDARD = gnu99;
				GCC_DYNAMIC_NO_PIC = NO;
				GCC_OPTIMIZATION_LEVEL = 0;
				GCC_PREPROCESSOR_DEFINITIONS = (
					"DEBUG=1",
					"$(inherited)",
				);
				GCC_SYMBOLS_PRIVATE_EXTERN = NO;
				GCC_WARN_64_TO_32_BIT_CONVERSION = YES;
				GCC_WARN_ABOUT_RETURN_TYPE = YES_ERROR;
				GCC_WARN_UNDECLARED_SELECTOR = YES;
				GCC_WARN_UNINITIALIZED_AUTOS = YES_AGGRESSIVE;
				GCC_WARN_UNUSED_FUNCTION = YES;
				GCC_WARN_UNUSED_VARIABLE = YES;
				IPHONEOS_DEPLOYMENT_TARGET = 8.2;
				MTL_ENABLE_DEBUG_INFO = YES;
				ONLY_ACTIVE_ARCH = YES;
				SDKROOT = iphoneos;
			};
			name = Debug;
		};
		0B4F241D1ADDB43D0080DCCD /* Release */ = {
			isa = XCBuildConfiguration;
			buildSettings = {
				ALWAYS_SEARCH_USER_PATHS = NO;
				CLANG_CXX_LANGUAGE_STANDARD = "gnu++0x";
				CLANG_CXX_LIBRARY = "libc++";
				CLANG_ENABLE_MODULES = YES;
				CLANG_ENABLE_OBJC_ARC = YES;
				CLANG_WARN_BOOL_CONVERSION = YES;
				CLANG_WARN_CONSTANT_CONVERSION = YES;
				CLANG_WARN_DIRECT_OBJC_ISA_USAGE = YES_ERROR;
				CLANG_WARN_EMPTY_BODY = YES;
				CLANG_WARN_ENUM_CONVERSION = YES;
				CLANG_WARN_INT_CONVERSION = YES;
				CLANG_WARN_OBJC_ROOT_CLASS = YES_ERROR;
				CLANG_WARN_UNREACHABLE_CODE = YES;
				CLANG_WARN__DUPLICATE_METHOD_MATCH = YES;
				"CODE_SIGN_IDENTITY[sdk=iphoneos*]" = "iPhone Developer";
				COPY_PHASE_STRIP = NO;
				ENABLE_NS_ASSERTIONS = NO;
				ENABLE_STRICT_OBJC_MSGSEND = YES;
				GCC_C_LANGUAGE_STANDARD = gnu99;
				GCC_WARN_64_TO_32_BIT_CONVERSION = YES;
				GCC_WARN_ABOUT_RETURN_TYPE = YES_ERROR;
				GCC_WARN_UNDECLARED_SELECTOR = YES;
				GCC_WARN_UNINITIALIZED_AUTOS = YES_AGGRESSIVE;
				GCC_WARN_UNUSED_FUNCTION = YES;
				GCC_WARN_UNUSED_VARIABLE = YES;
				IPHONEOS_DEPLOYMENT_TARGET = 8.2;
				MTL_ENABLE_DEBUG_INFO = NO;
				SDKROOT = iphoneos;
				VALIDATE_PRODUCT = YES;
			};
			name = Release;
		};
		0B4F241F1ADDB43D0080DCCD /* Debug */ = {
			isa = XCBuildConfiguration;
			buildSettings = {
				ASSETCATALOG_COMPILER_APPICON_NAME = AppIcon;
				CLANG_ENABLE_MODULES = YES;
				INFOPLIST_FILE = "BLüCTRL/Info.plist";
				LD_RUNPATH_SEARCH_PATHS = "$(inherited) @executable_path/Frameworks";
				PRODUCT_NAME = "$(TARGET_NAME)";
				SWIFT_OBJC_BRIDGING_HEADER = "BLüCTRL-Bridging-Header.h";
				SWIFT_OPTIMIZATION_LEVEL = "-Onone";
			};
			name = Debug;
		};
		0B4F24201ADDB43D0080DCCD /* Release */ = {
			isa = XCBuildConfiguration;
			buildSettings = {
				ASSETCATALOG_COMPILER_APPICON_NAME = AppIcon;
				CLANG_ENABLE_MODULES = YES;
				INFOPLIST_FILE = "BLüCTRL/Info.plist";
				LD_RUNPATH_SEARCH_PATHS = "$(inherited) @executable_path/Frameworks";
				PRODUCT_NAME = "$(TARGET_NAME)";
				SWIFT_OBJC_BRIDGING_HEADER = "BLüCTRL-Bridging-Header.h";
			};
			name = Release;
		};
		0B4F24221ADDB43D0080DCCD /* Debug */ = {
			isa = XCBuildConfiguration;
			buildSettings = {
				BUNDLE_LOADER = "$(TEST_HOST)";
				CLANG_ENABLE_MODULES = YES;
				FRAMEWORK_SEARCH_PATHS = (
					"$(SDKROOT)/Developer/Library/Frameworks",
					"$(inherited)",
				);
				GCC_PREPROCESSOR_DEFINITIONS = (
					"DEBUG=1",
					"$(inherited)",
				);
				INFOPLIST_FILE = "BLüCTRLTests/Info.plist";
				LD_RUNPATH_SEARCH_PATHS = "$(inherited) @executable_path/Frameworks @loader_path/Frameworks";
				PRODUCT_NAME = "$(TARGET_NAME)";
				SWIFT_OBJC_BRIDGING_HEADER = "BLüCTRLTests/BLüCTRLTests-Bridging-Header.h";
				SWIFT_OPTIMIZATION_LEVEL = "-Onone";
				TEST_HOST = "$(BUILT_PRODUCTS_DIR)/BLüCTRL.app/BLüCTRL";
			};
			name = Debug;
		};
		0B4F24231ADDB43D0080DCCD /* Release */ = {
			isa = XCBuildConfiguration;
			buildSettings = {
				BUNDLE_LOADER = "$(TEST_HOST)";
				CLANG_ENABLE_MODULES = YES;
				FRAMEWORK_SEARCH_PATHS = (
					"$(SDKROOT)/Developer/Library/Frameworks",
					"$(inherited)",
				);
				INFOPLIST_FILE = "BLüCTRLTests/Info.plist";
				LD_RUNPATH_SEARCH_PATHS = "$(inherited) @executable_path/Frameworks @loader_path/Frameworks";
				PRODUCT_NAME = "$(TARGET_NAME)";
				SWIFT_OBJC_BRIDGING_HEADER = "BLüCTRLTests/BLüCTRLTests-Bridging-Header.h";
				TEST_HOST = "$(BUILT_PRODUCTS_DIR)/BLüCTRL.app/BLüCTRL";
			};
			name = Release;
		};
/* End XCBuildConfiguration section */

/* Begin XCConfigurationList section */
		0B4F23F31ADDB43D0080DCCD /* Build configuration list for PBXProject "BLüCTRL" */ = {
			isa = XCConfigurationList;
			buildConfigurations = (
				0B4F241C1ADDB43D0080DCCD /* Debug */,
				0B4F241D1ADDB43D0080DCCD /* Release */,
			);
			defaultConfigurationIsVisible = 0;
			defaultConfigurationName = Release;
		};
		0B4F241E1ADDB43D0080DCCD /* Build configuration list for PBXNativeTarget "BLüCTRL" */ = {
			isa = XCConfigurationList;
			buildConfigurations = (
				0B4F241F1ADDB43D0080DCCD /* Debug */,
				0B4F24201ADDB43D0080DCCD /* Release */,
			);
			defaultConfigurationIsVisible = 0;
			defaultConfigurationName = Release;
		};
		0B4F24211ADDB43D0080DCCD /* Build configuration list for PBXNativeTarget "BLüCTRLTests" */ = {
			isa = XCConfigurationList;
			buildConfigurations = (
				0B4F24221ADDB43D0080DCCD /* Debug */,
				0B4F24231ADDB43D0080DCCD /* Release */,
			);
			defaultConfigurationIsVisible = 0;
			defaultConfigurationName = Release;
		};
/* End XCConfigurationList section */
	};
	rootObject = 0B4F23F01ADDB43D0080DCCD /* Project object */;
}
